
Microsoft Visual Studio Solution File, Format Version 12.00
# Visual Studio Version 16
VisualStudioVersion = 16.0.28803.202
MinimumVisualStudioVersion = 10.0.40219.1
Project("{FAE04EC0-301F-11D3-BF4B-00C04F79EFBC}") = "HelloWorld", "HelloWorld\HelloWorld.csproj", "{D59A8276-D456-49E8-9148-B7E6D3DC7A5C}"
EndProject
Global
	GlobalSection(SolutionConfigurationPlatforms) = preSolution
		Debug|Any CPU = Debug|Any CPU
		Release|Any CPU = Release|Any CPU
	EndGlobalSection
	GlobalSection(ProjectConfigurationPlatforms) = postSolution
		{D59A8276-D456-49E8-9148-B7E6D3DC7A5C}.Debug|Any CPU.ActiveCfg = Debug|Any CPU
		{D59A8276-D456-49E8-9148-B7E6D3DC7A5C}.Debug|Any CPU.Build.0 = Debug|Any CPU
		{D59A8276-D456-49E8-9148-B7E6D3DC7A5C}.Release|Any CPU.ActiveCfg = Release|Any CPU
		{D59A8276-D456-49E8-9148-B7E6D3DC7A5C}.Release|Any CPU.Build.0 = Release|Any CPU
	EndGlobalSection
	GlobalSection(SolutionProperties) = preSolution
		HideSolutionNode = FALSE
	EndGlobalSection
	GlobalSection(ExtensibilityGlobals) = postSolution
		SolutionGuid = {806E64AC-FF00-4FD8-88B5-F9359EC15025}
	EndGlobalSection
EndGlobal
